
Microsoft Visual Studio Solution File, Format Version 12.00
# Visual Studio Version 16
VisualStudioVersion = 16.0.30330.147
MinimumVisualStudioVersion = 10.0.40219.1
Project("{FAE04EC0-301F-11D3-BF4B-00C04F79EFBC}") = "Win32ApiHelper", "Win32ApiHelper.csproj", "{203B8763-FFF9-4477-BDAE-0A569CC92CDD}"
EndProject
Global
	GlobalSection(SolutionConfigurationPlatforms) = preSolution
		Debug|Any CPU = Debug|Any CPU
		Release|Any CPU = Release|Any CPU
	EndGlobalSection
	GlobalSection(ProjectConfigurationPlatforms) = postSolution
		{203B8763-FFF9-4477-BDAE-0A569CC92CDD}.Debug|Any CPU.ActiveCfg = Debug|Any CPU
		{203B8763-FFF9-4477-BDAE-0A569CC92CDD}.Debug|Any CPU.Build.0 = Debug|Any CPU
		{203B8763-FFF9-4477-BDAE-0A569CC92CDD}.Release|Any CPU.ActiveCfg = Release|Any CPU
		{203B8763-FFF9-4477-BDAE-0A569CC92CDD}.Release|Any CPU.Build.0 = Release|Any CPU
	EndGlobalSection
	GlobalSection(SolutionProperties) = preSolution
		HideSolutionNode = FALSE
	EndGlobalSection
	GlobalSection(ExtensibilityGlobals) = postSolution
		SolutionGuid = {15AEDA28-9BC9-4584-B6D6-B13E7F854443}
	EndGlobalSection
EndGlobal
